# Generated by pub
# See https://dart.dev/tools/pub/glossary#lockfile
packages:
  _flutterfire_internals:
    dependency: transitive
    description:
      name: _flutterfire_internals
      sha256: f5628cd9c92ed11083f425fd1f8f1bc60ecdda458c81d73b143aeda036c35fe7
      url: "https://pub.dev"
    source: hosted
    version: "1.3.16"
  animated_weight_picker:
    dependency: "direct main"
    description:
      name: animated_weight_picker
      sha256: "49d59214903e25f0354d7ade9a9ed01dadb51292514bd8016afcad39ae5e2f29"
      url: "https://pub.dev"
    source: hosted
    version: "1.0.3"
  archive:
    dependency: transitive
    description:
      name: archive
      sha256: ecf4273855368121b1caed0d10d4513c7241dfc813f7d3c8933b36622ae9b265
      url: "https://pub.dev"
    source: hosted
    version: "3.5.1"
  async:
    dependency: transitive
    description:
      name: async
      sha256: "947bfcf187f74dbc5e146c9eb9c0f10c9f8b30743e341481c1e2ed3ecc18c20c"
      url: "https://pub.dev"
    source: hosted
    version: "2.11.0"
  boolean_selector:
    dependency: transitive
    description:
      name: boolean_selector
      sha256: "6cfb5af12253eaf2b368f07bacc5a80d1301a071c73360d746b7f2e32d762c66"
      url: "https://pub.dev"
    source: hosted
    version: "2.1.1"
  cached_network_image:
    dependency: "direct main"
    description:
      name: cached_network_image
      sha256: "28ea9690a8207179c319965c13cd8df184d5ee721ae2ce60f398ced1219cea1f"
      url: "https://pub.dev"
    source: hosted
    version: "3.3.1"
  cached_network_image_platform_interface:
    dependency: transitive
    description:
      name: cached_network_image_platform_interface
      sha256: "9e90e78ae72caa874a323d78fa6301b3fb8fa7ea76a8f96dc5b5bf79f283bf2f"
      url: "https://pub.dev"
    source: hosted
    version: "4.0.0"
  cached_network_image_web:
    dependency: transitive
    description:
      name: cached_network_image_web
      sha256: "205d6a9f1862de34b93184f22b9d2d94586b2f05c581d546695e3d8f6a805cd7"
      url: "https://pub.dev"
    source: hosted
    version: "1.2.0"
  camera:
    dependency: "direct main"
    description:
      name: camera
      sha256: "9499cbc2e51d8eb0beadc158b288380037618ce4e30c9acbc4fae1ac3ecb5797"
      url: "https://pub.dev"
    source: hosted
    version: "0.10.5+9"
  camera_android:
    dependency: transitive
    description:
      name: camera_android
      sha256: b350ac087f111467e705b2b76cc1322f7f5bdc122aa83b4b243b0872f390d229
      url: "https://pub.dev"
    source: hosted
    version: "0.10.9+2"
  camera_avfoundation:
    dependency: transitive
    description:
      name: camera_avfoundation
      sha256: "608b56b0880722f703871329c4d7d4c2f379c8e2936940851df7fc041abc6f51"
      url: "https://pub.dev"
    source: hosted
    version: "0.9.13+10"
  camera_platform_interface:
    dependency: transitive
    description:
      name: camera_platform_interface
      sha256: a250314a48ea337b35909a4c9d5416a208d736dcb01d0b02c6af122be66660b0
      url: "https://pub.dev"
    source: hosted
    version: "2.7.4"
  camera_web:
    dependency: transitive
    description:
      name: camera_web
      sha256: "9e9aba2fbab77ce2472924196ff8ac4dd8f9126c4f9a3096171cd1d870d6b26c"
      url: "https://pub.dev"
    source: hosted
    version: "0.3.3"
  carousel_slider:
    dependency: "direct main"
    description:
      name: carousel_slider
      sha256: "9c695cc963bf1d04a47bd6021f68befce8970bcd61d24938e1fb0918cf5d9c42"
      url: "https://pub.dev"
    source: hosted
    version: "4.2.1"
  characters:
    dependency: transitive
    description:
      name: characters
      sha256: "04a925763edad70e8443c99234dc3328f442e811f1d8fd1a72f1c8ad0f69a605"
      url: "https://pub.dev"
    source: hosted
    version: "1.3.0"
  clock:
    dependency: transitive
    description:
      name: clock
      sha256: cb6d7f03e1de671e34607e909a7213e31d7752be4fb66a86d29fe1eb14bfb5cf
      url: "https://pub.dev"
    source: hosted
    version: "1.1.1"
  collection:
    dependency: transitive
    description:
      name: collection
      sha256: f092b211a4319e98e5ff58223576de6c2803db36221657b46c82574721240687
      url: "https://pub.dev"
    source: hosted
    version: "1.17.2"
  community_charts_common:
    dependency: transitive
    description:
      name: community_charts_common
      sha256: d997ade57f15490346de46efbe23805d378a672aafbf5e47e19517964b671009
      url: "https://pub.dev"
    source: hosted
    version: "1.0.4"
  community_charts_flutter:
    dependency: transitive
    description:
      name: community_charts_flutter
      sha256: "4614846b99782ab79b613687704865e5468ecada3f0ad1afe1cdc3ff5b727f72"
      url: "https://pub.dev"
    source: hosted
    version: "1.0.4"
  cross_file:
    dependency: transitive
    description:
      name: cross_file
      sha256: "2f9d2cbccb76127ba28528cb3ae2c2326a122446a83de5a056aaa3880d3882c5"
      url: "https://pub.dev"
    source: hosted
    version: "0.3.3+7"
  crypto:
    dependency: transitive
    description:
      name: crypto
      sha256: ff625774173754681d66daaf4a448684fb04b78f902da9cb3d308c19cc5e8bab
      url: "https://pub.dev"
    source: hosted
    version: "3.0.3"
  csslib:
    dependency: transitive
    description:
      name: csslib
      sha256: "706b5707578e0c1b4b7550f64078f0a0f19dec3f50a178ffae7006b0a9ca58fb"
      url: "https://pub.dev"
    source: hosted
    version: "1.0.0"
  cupertino_icons:
    dependency: "direct main"
    description:
      name: cupertino_icons
      sha256: ba631d1c7f7bef6b729a622b7b752645a2d076dba9976925b8f25725a30e1ee6
      url: "https://pub.dev"
    source: hosted
    version: "1.0.8"
  equatable:
    dependency: transitive
    description:
      name: equatable
      sha256: c2b87cb7756efdf69892005af546c56c0b5037f54d2a88269b4f347a505e3ca2
      url: "https://pub.dev"
    source: hosted
    version: "2.0.5"
  fake_async:
    dependency: transitive
    description:
      name: fake_async
      sha256: "511392330127add0b769b75a987850d136345d9227c6b94c96a04cf4a391bf78"
      url: "https://pub.dev"
    source: hosted
    version: "1.3.1"
  ffi:
    dependency: transitive
    description:
      name: ffi
      sha256: "7bf0adc28a23d395f19f3f1eb21dd7cfd1dd9f8e1c50051c069122e6853bc878"
      url: "https://pub.dev"
    source: hosted
    version: "2.1.0"
  file:
    dependency: transitive
    description:
      name: file
      sha256: "5fc22d7c25582e38ad9a8515372cd9a93834027aacf1801cf01164dac0ffa08c"
      url: "https://pub.dev"
    source: hosted
    version: "7.0.0"
  file_selector_linux:
    dependency: transitive
    description:
      name: file_selector_linux
      sha256: "045d372bf19b02aeb69cacf8b4009555fb5f6f0b7ad8016e5f46dd1387ddd492"
      url: "https://pub.dev"
    source: hosted
    version: "0.9.2+1"
  file_selector_macos:
    dependency: transitive
    description:
      name: file_selector_macos
      sha256: f42eacb83b318e183b1ae24eead1373ab1334084404c8c16e0354f9a3e55d385
      url: "https://pub.dev"
    source: hosted
    version: "0.9.4"
  file_selector_platform_interface:
    dependency: transitive
    description:
      name: file_selector_platform_interface
      sha256: a3994c26f10378a039faa11de174d7b78eb8f79e4dd0af2a451410c1a5c3f66b
      url: "https://pub.dev"
    source: hosted
    version: "2.6.2"
  file_selector_windows:
    dependency: transitive
    description:
      name: file_selector_windows
      sha256: d3547240c20cabf205c7c7f01a50ecdbc413755814d6677f3cb366f04abcead0
      url: "https://pub.dev"
    source: hosted
    version: "0.9.3+1"
  firebase_core:
    dependency: "direct main"
    description:
      name: firebase_core
      sha256: "96607c0e829a581c2a483c658f04e8b159964c3bae2730f73297070bc85d40bb"
      url: "https://pub.dev"
    source: hosted
    version: "2.24.2"
  firebase_core_platform_interface:
    dependency: transitive
    description:
      name: firebase_core_platform_interface
      sha256: c437ae5d17e6b5cc7981cf6fd458a5db4d12979905f9aafd1fea930428a9fe63
      url: "https://pub.dev"
    source: hosted
    version: "5.0.0"
  firebase_core_web:
    dependency: transitive
    description:
      name: firebase_core_web
      sha256: d585bdf3c656c3f7821ba1bd44da5f13365d22fcecaf5eb75c4295246aaa83c0
      url: "https://pub.dev"
    source: hosted
    version: "2.10.0"
  firebase_storage:
    dependency: "direct main"
    description:
      name: firebase_storage
      sha256: "75e6cb6bed65138b5bbd86bfd7cf9bc9a175fb0c31aacc400e9203df117ffbe6"
      url: "https://pub.dev"
    source: hosted
    version: "11.6.0"
  firebase_storage_platform_interface:
    dependency: transitive
    description:
      name: firebase_storage_platform_interface
      sha256: "545a3a8edf337850403bb0fa03c8074a53deb87c0107d19755c77a82ce07919e"
      url: "https://pub.dev"
    source: hosted
    version: "5.1.3"
  firebase_storage_web:
    dependency: transitive
    description:
      name: firebase_storage_web
      sha256: ee6870ff79aa304b8996ba18a4aefe1e8b3fc31fd385eab6574180267aa8d393
      url: "https://pub.dev"
    source: hosted
    version: "3.6.17"
  fl_chart:
    dependency: "direct main"
    description:
      name: fl_chart
      sha256: "29da130cdef13f47e1798a66e99fd119e557c293b98be8ebaf6fed2cbc43bf29"
      url: "https://pub.dev"
    source: hosted
    version: "0.50.6"
  fl_country_code_picker:
    dependency: "direct main"
    description:
      name: fl_country_code_picker
      sha256: "5908079d019aab76acf065020fbefd6aa8176127277976017126e65ffa2fb035"
      url: "https://pub.dev"
    source: hosted
    version: "0.1.9+1"
  flutter:
    dependency: "direct main"
    description: flutter
    source: sdk
    version: "0.0.0"
  flutter_cache_manager:
    dependency: transitive
    description:
      name: flutter_cache_manager
      sha256: "8207f27539deb83732fdda03e259349046a39a4c767269285f449ade355d54ba"
      url: "https://pub.dev"
    source: hosted
    version: "3.3.1"
  flutter_lints:
    dependency: "direct dev"
    description:
      name: flutter_lints
      sha256: a25a15ebbdfc33ab1cd26c63a6ee519df92338a9c10f122adda92938253bef04
      url: "https://pub.dev"
    source: hosted
    version: "2.0.3"
  flutter_localizations:
    dependency: transitive
    description: flutter
    source: sdk
    version: "0.0.0"
  flutter_plugin_android_lifecycle:
    dependency: transitive
    description:
      name: flutter_plugin_android_lifecycle
      sha256: "592dc01a18961a51c24ae5d963b724b2b7fa4a95c100fe8eb6ca8a5a4732cadf"
      url: "https://pub.dev"
    source: hosted
    version: "2.0.18"
  flutter_spinkit:
    dependency: "direct main"
    description:
      name: flutter_spinkit
      sha256: d2696eed13732831414595b98863260e33e8882fc069ee80ec35d4ac9ddb0472
      url: "https://pub.dev"
    source: hosted
    version: "5.2.1"
  flutter_svg:
    dependency: "direct main"
    description:
      name: flutter_svg
      sha256: "9ac1967e2f72a08af11b05b39167920f90d043cf67163d13a544a358c8f31afa"
      url: "https://pub.dev"
    source: hosted
    version: "0.22.0"
  flutter_test:
    dependency: "direct dev"
    description: flutter
    source: sdk
    version: "0.0.0"
  flutter_web_plugins:
    dependency: transitive
    description: flutter
    source: sdk
    version: "0.0.0"
  font_awesome_flutter:
    dependency: "direct main"
    description:
      name: font_awesome_flutter
      sha256: "275ff26905134bcb59417cf60ad979136f1f8257f2f449914b2c3e05bbb4cd6f"
      url: "https://pub.dev"
    source: hosted
    version: "10.7.0"
  get:
    dependency: "direct main"
    description:
      name: get
      sha256: e4e7335ede17452b391ed3b2ede016545706c01a02292a6c97619705e7d2a85e
      url: "https://pub.dev"
    source: hosted
    version: "4.6.6"
  google_maps:
    dependency: transitive
    description:
      name: google_maps
      sha256: "555d5d736339b0478e821167ac521c810d7b51c3b2734e6802a9f046b64ea37a"
      url: "https://pub.dev"
    source: hosted
    version: "6.3.0"
  google_maps_flutter:
    dependency: "direct main"
    description:
      name: google_maps_flutter
      sha256: ae66fef3e71261d7df2eff29b2a119e190b2884325ecaa55321b1e17b5504066
      url: "https://pub.dev"
    source: hosted
    version: "2.5.3"
  google_maps_flutter_android:
    dependency: transitive
    description:
      name: google_maps_flutter_android
      sha256: "0bcadb80eba39afda77dede89a6caafd3b68f2786b90491eceea4a01c3db181c"
      url: "https://pub.dev"
    source: hosted
    version: "2.8.0"
  google_maps_flutter_ios:
    dependency: transitive
    description:
      name: google_maps_flutter_ios
      sha256: c89556ed0338fcb4b843c9fcdafac7ad2df601c8b41286d82f0727f7f66434e4
      url: "https://pub.dev"
    source: hosted
    version: "2.3.6"
  google_maps_flutter_platform_interface:
    dependency: transitive
    description:
      name: google_maps_flutter_platform_interface
      sha256: "167af879da4d004cd58771f1469b91dcc3b9b0a2c5334cc6bf71fd41d4b35403"
      url: "https://pub.dev"
    source: hosted
    version: "2.6.0"
  google_maps_flutter_web:
    dependency: transitive
    description:
      name: google_maps_flutter_web
      sha256: "6245721c160d6f531c1ef568cf9bef8d660cd585a982aa75121269030163785a"
      url: "https://pub.dev"
    source: hosted
    version: "0.5.4+3"
  heart_bpm:
    dependency: "direct main"
    description:
      name: heart_bpm
      sha256: "3651cf368b9b2732fb5b63f244375cc7b932665b1fd13280c70e37621d892936"
      url: "https://pub.dev"
    source: hosted
    version: "2.0.0+0"
  html:
    dependency: transitive
    description:
      name: html
      sha256: "3a7812d5bcd2894edf53dfaf8cd640876cf6cef50a8f238745c8b8120ea74d3a"
      url: "https://pub.dev"
    source: hosted
    version: "0.15.4"
  http:
    dependency: "direct main"
    description:
      name: http
      sha256: "759d1a329847dd0f39226c688d3e06a6b8679668e350e2891a6474f8b4bb8525"
      url: "https://pub.dev"
    source: hosted
    version: "1.1.0"
  http_parser:
    dependency: "direct main"
    description:
      name: http_parser
      sha256: "2aa08ce0341cc9b354a498388e30986515406668dbcc4f7c950c3e715496693b"
      url: "https://pub.dev"
    source: hosted
    version: "4.0.2"
  image_picker:
    dependency: "direct main"
    description:
      name: image_picker
      sha256: "1f498d086203360cca099d20ffea2963f48c39ce91bdd8a3b6d4a045786b02c8"
      url: "https://pub.dev"
    source: hosted
    version: "1.0.8"
  image_picker_android:
    dependency: transitive
    description:
      name: image_picker_android
      sha256: "42c098e7fb6334746be37cdc30369ade356ed4f14d48b7a0313f95a9159f4321"
      url: "https://pub.dev"
    source: hosted
    version: "0.8.9+5"
  image_picker_for_web:
    dependency: transitive
    description:
      name: image_picker_for_web
      sha256: e2423c53a68b579a7c37a1eda967b8ae536c3d98518e5db95ca1fe5719a730a3
      url: "https://pub.dev"
    source: hosted
    version: "3.0.2"
  image_picker_ios:
    dependency: transitive
    description:
      name: image_picker_ios
      sha256: fadafce49e8569257a0cad56d24438a6fa1f0cbd7ee0af9b631f7492818a4ca3
      url: "https://pub.dev"
    source: hosted
    version: "0.8.9+1"
  image_picker_linux:
    dependency: transitive
    description:
      name: image_picker_linux
      sha256: "4ed1d9bb36f7cd60aa6e6cd479779cc56a4cb4e4de8f49d487b1aaad831300fa"
      url: "https://pub.dev"
    source: hosted
    version: "0.2.1+1"
  image_picker_macos:
    dependency: transitive
    description:
      name: image_picker_macos
      sha256: "3f5ad1e8112a9a6111c46d0b57a7be2286a9a07fc6e1976fdf5be2bd31d4ff62"
      url: "https://pub.dev"
    source: hosted
    version: "0.2.1+1"
  image_picker_platform_interface:
    dependency: transitive
    description:
      name: image_picker_platform_interface
      sha256: fa4e815e6fcada50e35718727d83ba1c92f1edf95c0b4436554cec301b56233b
      url: "https://pub.dev"
    source: hosted
    version: "2.9.3"
  image_picker_windows:
    dependency: transitive
    description:
      name: image_picker_windows
      sha256: "6ad07afc4eb1bc25f3a01084d28520496c4a3bb0cb13685435838167c9dcedeb"
      url: "https://pub.dev"
    source: hosted
    version: "0.2.1+1"
  intl:
    dependency: "direct main"
    description:
      name: intl
      sha256: "3bc132a9dbce73a7e4a21a17d06e1878839ffbf975568bc875c60537824b0c4d"
      url: "https://pub.dev"
    source: hosted
    version: "0.18.1"
  js:
    dependency: transitive
    description:
      name: js
      sha256: f2c445dce49627136094980615a031419f7f3eb393237e4ecd97ac15dea343f3
      url: "https://pub.dev"
    source: hosted
    version: "0.6.7"
  js_wrapping:
    dependency: transitive
    description:
      name: js_wrapping
      sha256: e385980f7c76a8c1c9a560dfb623b890975841542471eade630b2871d243851c
      url: "https://pub.dev"
    source: hosted
    version: "0.7.4"
  line_awesome_flutter:
    dependency: "direct main"
    description:
      name: line_awesome_flutter
      sha256: "6e1ec935d75c2ccc12e83f609975efa271d82709bb99c170aa52dd549f19f637"
      url: "https://pub.dev"
    source: hosted
    version: "1.1.0-nullsafety"
  lints:
    dependency: transitive
    description:
      name: lints
      sha256: "0a217c6c989d21039f1498c3ed9f3ed71b354e69873f13a8dfc3c9fe76f1b452"
      url: "https://pub.dev"
    source: hosted
    version: "2.1.1"
  location:
    dependency: "direct main"
    description:
      name: location
      sha256: "06be54f682c9073cbfec3899eb9bc8ed90faa0e17735c9d9fa7fe426f5be1dd1"
      url: "https://pub.dev"
    source: hosted
    version: "5.0.3"
  location_platform_interface:
    dependency: transitive
    description:
      name: location_platform_interface
      sha256: "8aa1d34eeecc979d7c9fe372931d84f6d2ebbd52226a54fe1620de6fdc0753b1"
      url: "https://pub.dev"
    source: hosted
    version: "3.1.2"
  location_web:
    dependency: transitive
    description:
      name: location_web
      sha256: ec484c66e8a4ff1ee5d044c203f4b6b71e3a0556a97b739a5bc9616de672412b
      url: "https://pub.dev"
    source: hosted
    version: "4.2.0"
  logging:
    dependency: transitive
    description:
      name: logging
      sha256: "623a88c9594aa774443aa3eb2d41807a48486b5613e67599fb4c41c0ad47c340"
      url: "https://pub.dev"
    source: hosted
    version: "1.2.0"
  lottie:
    dependency: "direct main"
    description:
      name: lottie
      sha256: "893da7a0022ec2fcaa616f34529a081f617e86cc501105b856e5a3184c58c7c2"
      url: "https://pub.dev"
    source: hosted
    version: "1.4.3"
  matcher:
    dependency: transitive
    description:
      name: matcher
      sha256: "1803e76e6653768d64ed8ff2e1e67bea3ad4b923eb5c56a295c3e634bad5960e"
      url: "https://pub.dev"
    source: hosted
    version: "0.12.16"
  material_color_utilities:
    dependency: transitive
    description:
      name: material_color_utilities
      sha256: "9528f2f296073ff54cb9fee677df673ace1218163c3bc7628093e7eed5203d41"
      url: "https://pub.dev"
    source: hosted
    version: "0.5.0"
  meta:
    dependency: transitive
    description:
      name: meta
      sha256: "3c74dbf8763d36539f114c799d8a2d87343b5067e9d796ca22b5eb8437090ee3"
      url: "https://pub.dev"
    source: hosted
    version: "1.9.1"
  mime:
    dependency: "direct main"
    description:
      name: mime
      sha256: e4ff8e8564c03f255408decd16e7899da1733852a9110a58fe6d1b817684a63e
      url: "https://pub.dev"
    source: hosted
    version: "1.0.4"
  multi_select_flutter:
    dependency: "direct main"
    description:
      name: multi_select_flutter
      sha256: "503857b415d390d29159df8a9d92d83c6aac17aaf1c307fb7bcfc77d097d20ed"
      url: "https://pub.dev"
    source: hosted
    version: "4.1.3"
  octo_image:
    dependency: transitive
    description:
      name: octo_image
      sha256: "45b40f99622f11901238e18d48f5f12ea36426d8eced9f4cbf58479c7aa2430d"
      url: "https://pub.dev"
    source: hosted
    version: "2.0.0"
  path:
    dependency: "direct main"
    description:
      name: path
      sha256: "8829d8a55c13fc0e37127c29fedf290c102f4e40ae94ada574091fe0ff96c917"
      url: "https://pub.dev"
    source: hosted
    version: "1.8.3"
  path_drawing:
    dependency: transitive
    description:
      name: path_drawing
      sha256: "3bdd251dae9ffaef944450b73f168610db7e968e7b20daf0c3907f8b4aafc8a2"
      url: "https://pub.dev"
    source: hosted
    version: "0.5.1+1"
  path_parsing:
    dependency: transitive
    description:
      name: path_parsing
      sha256: ee5c47c1058ad66b4a41746ec3996af9593d0858872807bcd64ac118f0700337
      url: "https://pub.dev"
    source: hosted
    version: "0.2.1"
  path_provider:
    dependency: "direct main"
    description:
      name: path_provider
      sha256: c9e7d3a4cd1410877472158bee69963a4579f78b68c65a2b7d40d1a7a88bb161
      url: "https://pub.dev"
    source: hosted
    version: "2.1.3"
  path_provider_android:
    dependency: transitive
    description:
      name: path_provider_android
      sha256: "51f0d2c554cfbc9d6a312ab35152fc77e2f0b758ce9f1a444a3a1e5b8f3c6b7f"
      url: "https://pub.dev"
    source: hosted
    version: "2.2.3"
  path_provider_foundation:
    dependency: transitive
    description:
      name: path_provider_foundation
      sha256: "5a7999be66e000916500be4f15a3633ebceb8302719b47b9cc49ce924125350f"
      url: "https://pub.dev"
    source: hosted
    version: "2.3.2"
  path_provider_linux:
    dependency: transitive
    description:
      name: path_provider_linux
      sha256: f7a1fe3a634fe7734c8d3f2766ad746ae2a2884abe22e241a8b301bf5cac3279
      url: "https://pub.dev"
    source: hosted
    version: "2.2.1"
  path_provider_platform_interface:
    dependency: transitive
    description:
      name: path_provider_platform_interface
      sha256: "88f5779f72ba699763fa3a3b06aa4bf6de76c8e5de842cf6f29e2e06476c2334"
      url: "https://pub.dev"
    source: hosted
    version: "2.1.2"
  path_provider_windows:
    dependency: transitive
    description:
      name: path_provider_windows
      sha256: "8bc9f22eee8690981c22aa7fc602f5c85b497a6fb2ceb35ee5a5e5ed85ad8170"
      url: "https://pub.dev"
    source: hosted
    version: "2.2.1"
  pedometer:
    dependency: "direct main"
    description:
      name: pedometer
      sha256: e8c574dae778276fa848873c6ea2015a636a91e8572a4a652b04a4fcd6c54259
      url: "https://pub.dev"
    source: hosted
    version: "4.0.1"
  percent_indicator:
    dependency: "direct main"
    description:
      name: percent_indicator
      sha256: c37099ad833a883c9d71782321cb65c3a848c21b6939b6185f0ff6640d05814c
      url: "https://pub.dev"
    source: hosted
    version: "4.2.3"
  permission_handler:
    dependency: "direct main"
    description:
      name: permission_handler
      sha256: bc56bfe9d3f44c3c612d8d393bd9b174eb796d706759f9b495ac254e4294baa5
      url: "https://pub.dev"
    source: hosted
    version: "10.4.5"
  permission_handler_android:
    dependency: transitive
    description:
      name: permission_handler_android
      sha256: "59c6322171c29df93a22d150ad95f3aa19ed86542eaec409ab2691b8f35f9a47"
      url: "https://pub.dev"
    source: hosted
    version: "10.3.6"
  permission_handler_apple:
    dependency: transitive
    description:
      name: permission_handler_apple
      sha256: "99e220bce3f8877c78e4ace901082fb29fa1b4ebde529ad0932d8d664b34f3f5"
      url: "https://pub.dev"
    source: hosted
    version: "9.1.4"
  permission_handler_platform_interface:
    dependency: transitive
    description:
      name: permission_handler_platform_interface
      sha256: "6760eb5ef34589224771010805bea6054ad28453906936f843a8cc4d3a55c4a4"
      url: "https://pub.dev"
    source: hosted
    version: "3.12.0"
  permission_handler_windows:
    dependency: transitive
    description:
      name: permission_handler_windows
      sha256: cc074aace208760f1eee6aa4fae766b45d947df85bc831cde77009cdb4720098
      url: "https://pub.dev"
    source: hosted
    version: "0.1.3"
  petitparser:
    dependency: transitive
    description:
      name: petitparser
      sha256: cb3798bef7fc021ac45b308f4b51208a152792445cce0448c9a4ba5879dd8750
      url: "https://pub.dev"
    source: hosted
    version: "5.4.0"
  platform:
    dependency: transitive
    description:
      name: platform
      sha256: "12220bb4b65720483f8fa9450b4332347737cf8213dd2840d8b2c823e47243ec"
      url: "https://pub.dev"
    source: hosted
    version: "3.1.4"
  plugin_platform_interface:
    dependency: transitive
    description:
      name: plugin_platform_interface
      sha256: "4820fbfdb9478b1ebae27888254d445073732dae3d6ea81f0b7e06d5dedc3f02"
      url: "https://pub.dev"
    source: hosted
    version: "2.1.8"
  rxdart:
    dependency: transitive
    description:
      name: rxdart
      sha256: "0c7c0cedd93788d996e33041ffecda924cc54389199cde4e6a34b440f50044cb"
      url: "https://pub.dev"
    source: hosted
    version: "0.27.7"
  sanitize_html:
    dependency: transitive
    description:
      name: sanitize_html
      sha256: "12669c4a913688a26555323fb9cec373d8f9fbe091f2d01c40c723b33caa8989"
      url: "https://pub.dev"
    source: hosted
    version: "2.1.0"
  scrollable_positioned_list:
    dependency: transitive
    description:
      name: scrollable_positioned_list
      sha256: "1b54d5f1329a1e263269abc9e2543d90806131aa14fe7c6062a8054d57249287"
      url: "https://pub.dev"
    source: hosted
    version: "0.3.8"
  shared_preferences:
    dependency: "direct main"
    description:
      name: shared_preferences
      sha256: d3bbe5553a986e83980916ded2f0b435ef2e1893dfaa29d5a7a790d0eca12180
      url: "https://pub.dev"
    source: hosted
    version: "2.2.3"
  shared_preferences_android:
    dependency: transitive
    description:
      name: shared_preferences_android
      sha256: "8568a389334b6e83415b6aae55378e158fbc2314e074983362d20c562780fb06"
      url: "https://pub.dev"
    source: hosted
    version: "2.2.1"
  shared_preferences_foundation:
    dependency: transitive
    description:
      name: shared_preferences_foundation
      sha256: "7708d83064f38060c7b39db12aefe449cb8cdc031d6062280087bc4cdb988f5c"
      url: "https://pub.dev"
    source: hosted
    version: "2.3.5"
  shared_preferences_linux:
    dependency: transitive
    description:
      name: shared_preferences_linux
      sha256: "9f2cbcf46d4270ea8be39fa156d86379077c8a5228d9dfdb1164ae0bb93f1faa"
      url: "https://pub.dev"
    source: hosted
    version: "2.3.2"
  shared_preferences_platform_interface:
    dependency: transitive
    description:
      name: shared_preferences_platform_interface
      sha256: "22e2ecac9419b4246d7c22bfbbda589e3acf5c0351137d87dd2939d984d37c3b"
      url: "https://pub.dev"
    source: hosted
    version: "2.3.2"
  shared_preferences_web:
    dependency: transitive
    description:
      name: shared_preferences_web
      sha256: d762709c2bbe80626ecc819143013cc820fa49ca5e363620ee20a8b15a3e3daf
      url: "https://pub.dev"
    source: hosted
    version: "2.2.1"
  shared_preferences_windows:
    dependency: transitive
    description:
      name: shared_preferences_windows
      sha256: "841ad54f3c8381c480d0c9b508b89a34036f512482c407e6df7a9c4aa2ef8f59"
      url: "https://pub.dev"
    source: hosted
    version: "2.3.2"
  shimmer:
    dependency: "direct main"
    description:
      name: shimmer
      sha256: "5f88c883a22e9f9f299e5ba0e4f7e6054857224976a5d9f839d4ebdc94a14ac9"
      url: "https://pub.dev"
    source: hosted
    version: "3.0.0"
  sky_engine:
    dependency: transitive
    description: flutter
    source: sdk
    version: "0.0.99"
  socket_io_client:
    dependency: "direct main"
    description:
      name: socket_io_client
      sha256: ede469f3e4c55e8528b4e023bdedbc20832e8811ab9b61679d1ba3ed5f01f23b
      url: "https://pub.dev"
    source: hosted
    version: "2.0.3+1"
  socket_io_common:
    dependency: transitive
    description:
      name: socket_io_common
      sha256: "2ab92f8ff3ebbd4b353bf4a98bee45cc157e3255464b2f90f66e09c4472047eb"
      url: "https://pub.dev"
    source: hosted
    version: "2.0.3"
  source_span:
    dependency: transitive
    description:
      name: source_span
      sha256: "53e943d4206a5e30df338fd4c6e7a077e02254531b138a15aec3bd143c1a8b3c"
      url: "https://pub.dev"
    source: hosted
    version: "1.10.0"
  sprintf:
    dependency: transitive
    description:
      name: sprintf
      sha256: "1fc9ffe69d4df602376b52949af107d8f5703b77cda567c4d7d86a0693120f23"
      url: "https://pub.dev"
    source: hosted
    version: "7.0.0"
  sqflite:
    dependency: transitive
    description:
      name: sqflite
      sha256: a9016f495c927cb90557c909ff26a6d92d9bd54fc42ba92e19d4e79d61e798c6
      url: "https://pub.dev"
    source: hosted
    version: "2.3.2"
  sqflite_common:
    dependency: transitive
    description:
      name: sqflite_common
      sha256: "28d8c66baee4968519fb8bd6cdbedad982d6e53359091f0b74544a9f32ec72d5"
      url: "https://pub.dev"
    source: hosted
    version: "2.5.3"
  stack_trace:
    dependency: transitive
    description:
      name: stack_trace
      sha256: c3c7d8edb15bee7f0f74debd4b9c5f3c2ea86766fe4178eb2a18eb30a0bdaed5
      url: "https://pub.dev"
    source: hosted
    version: "1.11.0"
  stream_channel:
    dependency: transitive
    description:
      name: stream_channel
      sha256: "83615bee9045c1d322bbbd1ba209b7a749c2cbcdcb3fdd1df8eb488b3279c1c8"
      url: "https://pub.dev"
    source: hosted
    version: "2.1.1"
  stream_transform:
    dependency: transitive
    description:
      name: stream_transform
      sha256: "14a00e794c7c11aa145a170587321aedce29769c08d7f58b1d141da75e3b1c6f"
      url: "https://pub.dev"
    source: hosted
    version: "2.1.0"
  string_scanner:
    dependency: transitive
    description:
      name: string_scanner
      sha256: "556692adab6cfa87322a115640c11f13cb77b3f076ddcc5d6ae3c20242bedcde"
      url: "https://pub.dev"
    source: hosted
    version: "1.2.0"
  synchronized:
    dependency: transitive
    description:
      name: synchronized
      sha256: "539ef412b170d65ecdafd780f924e5be3f60032a1128df156adad6c5b373d558"
      url: "https://pub.dev"
    source: hosted
    version: "3.1.0+1"
  term_glyph:
    dependency: transitive
    description:
      name: term_glyph
      sha256: a29248a84fbb7c79282b40b8c72a1209db169a2e0542bce341da992fe1bc7e84
      url: "https://pub.dev"
    source: hosted
    version: "1.2.1"
  test_api:
    dependency: transitive
    description:
      name: test_api
      sha256: "75760ffd7786fffdfb9597c35c5b27eaeec82be8edfb6d71d32651128ed7aab8"
      url: "https://pub.dev"
    source: hosted
    version: "0.6.0"
  tflite:
    dependency: "direct main"
    description:
      name: tflite
      sha256: "661f8942a0e8ca05fedf554cc6f9cc95f526d0e4588d1665e0eb4d29e25e69b1"
      url: "https://pub.dev"
    source: hosted
    version: "1.1.2"
  typed_data:
    dependency: transitive
    description:
      name: typed_data
      sha256: facc8d6582f16042dd49f2463ff1bd6e2c9ef9f3d5da3d9b087e244a7b564b3c
      url: "https://pub.dev"
    source: hosted
    version: "1.3.2"
  uuid:
    dependency: transitive
    description:
      name: uuid
      sha256: "22c94e5ad1e75f9934b766b53c742572ee2677c56bc871d850a57dad0f82127f"
      url: "https://pub.dev"
    source: hosted
    version: "4.2.2"
  vector_math:
    dependency: transitive
    description:
      name: vector_math
      sha256: "80b3257d1492ce4d091729e3a67a60407d227c27241d6927be0130c98e741803"
      url: "https://pub.dev"
    source: hosted
    version: "2.1.4"
  web:
    dependency: transitive
    description:
      name: web
      sha256: dc8ccd225a2005c1be616fe02951e2e342092edf968cf0844220383757ef8f10
      url: "https://pub.dev"
    source: hosted
    version: "0.1.4-beta"
  wheel_picker:
    dependency: "direct main"
    description:
      name: wheel_picker
      sha256: "532352faabd2905967b03d1266e2d6c1693ea03ef97bdee73a1062fafff0e8bf"
      url: "https://pub.dev"
    source: hosted
    version: "0.0.4"
  win32:
    dependency: transitive
    description:
      name: win32
      sha256: b0f37db61ba2f2e9b7a78a1caece0052564d1bc70668156cf3a29d676fe4e574
      url: "https://pub.dev"
    source: hosted
    version: "5.1.1"
  xdg_directories:
    dependency: transitive
    description:
      name: xdg_directories
      sha256: faea9dee56b520b55a566385b84f2e8de55e7496104adada9962e0bd11bcff1d
      url: "https://pub.dev"
    source: hosted
    version: "1.0.4"
  xml:
    dependency: transitive
    description:
      name: xml
      sha256: "80d494c09849dc3f899d227a78c30c5b949b985ededf884cb3f3bcd39f4b447a"
      url: "https://pub.dev"
    source: hosted
    version: "5.4.1"
sdks:
  dart: ">=3.1.0 <4.0.0"
  flutter: ">=3.13.0"
